// !$*UTF8*$!
{
	archiveVersion = 1;
	classes = {
	};
	objectVersion = 54;
	objects = {

/* Begin PBXBuildFile section */
		A51ADCFF23253AD60080C3D0 /* Network.swift in Sources */ = {isa = PBXBuildFile; fileRef = A51ADCFE23253AD60080C3D0 /* Network.swift */; };
		A565BB0429B6416A003DD12C /* MainMenu.swift in Sources */ = {isa = PBXBuildFile; fileRef = A565BB0329B6416A003DD12C /* MainMenu.swift */; };
		A565BB2F29B647E0003DD12C /* MIDIManager.swift in Sources */ = {isa = PBXBuildFile; fileRef = A565BB2629B647E0003DD12C /* MIDIManager.swift */; };
		A565BB3029B647E0003DD12C /* ControllableApp.swift in Sources */ = {isa = PBXBuildFile; fileRef = A565BB2729B647E0003DD12C /* ControllableApp.swift */; };
		A565BB3129B647E0003DD12C /* InputMapper.swift in Sources */ = {isa = PBXBuildFile; fileRef = A565BB2829B647E0003DD12C /* InputMapper.swift */; };
		A565BB3229B647E0003DD12C /* Command.swift in Sources */ = {isa = PBXBuildFile; fileRef = A565BB2929B647E0003DD12C /* Command.swift */; };
		A565BB3329B647E0003DD12C /* NoteCell.swift in Sources */ = {isa = PBXBuildFile; fileRef = A565BB2B29B647E0003DD12C /* NoteCell.swift */; };
		A565BB3429B647E0003DD12C /* LinkEditor.swift in Sources */ = {isa = PBXBuildFile; fileRef = A565BB2C29B647E0003DD12C /* LinkEditor.swift */; };
		A565BB3529B647E0003DD12C /* NotesGrid.swift in Sources */ = {isa = PBXBuildFile; fileRef = A565BB2D29B647E0003DD12C /* NotesGrid.swift */; };
		A565BB3629B647E0003DD12C /* MIDIView.swift in Sources */ = {isa = PBXBuildFile; fileRef = A565BB2E29B647E0003DD12C /* MIDIView.swift */; };
		A565BB3929B648AC003DD12C /* AudioKit in Frameworks */ = {isa = PBXBuildFile; productRef = A565BB3829B648AC003DD12C /* AudioKit */; };
		A5690C5124B2363800DDA10E /* SettingsView.swift in Sources */ = {isa = PBXBuildFile; fileRef = A5690C5024B2363800DDA10E /* SettingsView.swift */; };
		A5A0DA6828A95962007061DF /* TimerView.swift in Sources */ = {isa = PBXBuildFile; fileRef = A5A0DA6728A95962007061DF /* TimerView.swift */; };
		A5C1DE7421CD3E7400F783C0 /* BokeApp.swift in Sources */ = {isa = PBXBuildFile; fileRef = A5C1DE7321CD3E7400F783C0 /* BokeApp.swift */; };
		A5C1DE7821CD3E7500F783C0 /* Assets.xcassets in Resources */ = {isa = PBXBuildFile; fileRef = A5C1DE7721CD3E7500F783C0 /* Assets.xcassets */; };
		A5C1DE8421CD3EF600F783C0 /* CwlSysctl.swift in Sources */ = {isa = PBXBuildFile; fileRef = A5C1DE8321CD3EF600F783C0 /* CwlSysctl.swift */; };
		A5C1DE8621CD3F1F00F783C0 /* System.swift in Sources */ = {isa = PBXBuildFile; fileRef = A5C1DE8521CD3F1F00F783C0 /* System.swift */; };
		A5CDD65A21CD80540010AEA9 /* Extends.swift in Sources */ = {isa = PBXBuildFile; fileRef = A5CDD65921CD80540010AEA9 /* Extends.swift */; };
/* End PBXBuildFile section */

/* Begin PBXCopyFilesBuildPhase section */
		A59F49BB22802D0900A1F318 /* Embed Frameworks */ = {
			isa = PBXCopyFilesBuildPhase;
			buildActionMask = 2147483647;
			dstPath = "";
			dstSubfolderSpec = 10;
			files = (
			);
			name = "Embed Frameworks";
			runOnlyForDeploymentPostprocessing = 0;
		};
/* End PBXCopyFilesBuildPhase section */

/* Begin PBXFileReference section */
		A51ADCFE23253AD60080C3D0 /* Network.swift */ = {isa = PBXFileReference; lastKnownFileType = sourcecode.swift; path = Network.swift; sourceTree = "<group>"; };
		A565BB0329B6416A003DD12C /* MainMenu.swift */ = {isa = PBXFileReference; lastKnownFileType = sourcecode.swift; path = MainMenu.swift; sourceTree = "<group>"; };
		A565BB2629B647E0003DD12C /* MIDIManager.swift */ = {isa = PBXFileReference; fileEncoding = 4; lastKnownFileType = sourcecode.swift; path = MIDIManager.swift; sourceTree = "<group>"; };
		A565BB2729B647E0003DD12C /* ControllableApp.swift */ = {isa = PBXFileReference; fileEncoding = 4; lastKnownFileType = sourcecode.swift; path = ControllableApp.swift; sourceTree = "<group>"; };
		A565BB2829B647E0003DD12C /* InputMapper.swift */ = {isa = PBXFileReference; fileEncoding = 4; lastKnownFileType = sourcecode.swift; path = InputMapper.swift; sourceTree = "<group>"; };
		A565BB2929B647E0003DD12C /* Command.swift */ = {isa = PBXFileReference; fileEncoding = 4; lastKnownFileType = sourcecode.swift; path = Command.swift; sourceTree = "<group>"; };
		A565BB2B29B647E0003DD12C /* NoteCell.swift */ = {isa = PBXFileReference; fileEncoding = 4; lastKnownFileType = sourcecode.swift; path = NoteCell.swift; sourceTree = "<group>"; };
		A565BB2C29B647E0003DD12C /* LinkEditor.swift */ = {isa = PBXFileReference; fileEncoding = 4; lastKnownFileType = sourcecode.swift; path = LinkEditor.swift; sourceTree = "<group>"; };
		A565BB2D29B647E0003DD12C /* NotesGrid.swift */ = {isa = PBXFileReference; fileEncoding = 4; lastKnownFileType = sourcecode.swift; path = NotesGrid.swift; sourceTree = "<group>"; };
		A565BB2E29B647E0003DD12C /* MIDIView.swift */ = {isa = PBXFileReference; fileEncoding = 4; lastKnownFileType = sourcecode.swift; path = MIDIView.swift; sourceTree = "<group>"; };
		A5690C5024B2363800DDA10E /* SettingsView.swift */ = {isa = PBXFileReference; lastKnownFileType = sourcecode.swift; path = SettingsView.swift; sourceTree = "<group>"; };
		A5A0DA6728A95962007061DF /* TimerView.swift */ = {isa = PBXFileReference; lastKnownFileType = sourcecode.swift; path = TimerView.swift; sourceTree = "<group>"; };
		A5C1DE7021CD3E7400F783C0 /* Boke.app */ = {isa = PBXFileReference; explicitFileType = wrapper.application; includeInIndex = 0; path = Boke.app; sourceTree = BUILT_PRODUCTS_DIR; };
		A5C1DE7321CD3E7400F783C0 /* BokeApp.swift */ = {isa = PBXFileReference; lastKnownFileType = sourcecode.swift; path = BokeApp.swift; sourceTree = "<group>"; };
		A5C1DE7721CD3E7500F783C0 /* Assets.xcassets */ = {isa = PBXFileReference; lastKnownFileType = folder.assetcatalog; path = Assets.xcassets; sourceTree = "<group>"; };
		A5C1DE7C21CD3E7500F783C0 /* Info.plist */ = {isa = PBXFileReference; lastKnownFileType = text.plist.xml; path = Info.plist; sourceTree = "<group>"; };
		A5C1DE8321CD3EF600F783C0 /* CwlSysctl.swift */ = {isa = PBXFileReference; fileEncoding = 4; lastKnownFileType = sourcecode.swift; path = CwlSysctl.swift; sourceTree = "<group>"; };
		A5C1DE8521CD3F1F00F783C0 /* System.swift */ = {isa = PBXFileReference; lastKnownFileType = sourcecode.swift; path = System.swift; sourceTree = "<group>"; };
		A5CDD65921CD80540010AEA9 /* Extends.swift */ = {isa = PBXFileReference; lastKnownFileType = sourcecode.swift; path = Extends.swift; sourceTree = "<group>"; };
/* End PBXFileReference section */

/* Begin PBXFrameworksBuildPhase section */
		A5C1DE6D21CD3E7400F783C0 /* Frameworks */ = {
			isa = PBXFrameworksBuildPhase;
			buildActionMask = 2147483647;
			files = (
				A565BB3929B648AC003DD12C /* AudioKit in Frameworks */,
			);
			runOnlyForDeploymentPostprocessing = 0;
		};
/* End PBXFrameworksBuildPhase section */

/* Begin PBXGroup section */
		A565BB2029B6477C003DD12C /* MIDI */ = {
			isa = PBXGroup;
			children = (
				A565BB2529B647E0003DD12C /* Engine */,
				A565BB2A29B647E0003DD12C /* Views */,
			);
			path = MIDI;
			sourceTree = "<group>";
		};
		A565BB2529B647E0003DD12C /* Engine */ = {
			isa = PBXGroup;
			children = (
				A565BB2829B647E0003DD12C /* InputMapper.swift */,
				A565BB2729B647E0003DD12C /* ControllableApp.swift */,
				A565BB2929B647E0003DD12C /* Command.swift */,
				A565BB2629B647E0003DD12C /* MIDIManager.swift */,
			);
			path = Engine;
			sourceTree = "<group>";
		};
		A565BB2A29B647E0003DD12C /* Views */ = {
			isa = PBXGroup;
			children = (
				A565BB2E29B647E0003DD12C /* MIDIView.swift */,
				A565BB2D29B647E0003DD12C /* NotesGrid.swift */,
				A565BB2B29B647E0003DD12C /* NoteCell.swift */,
				A565BB2C29B647E0003DD12C /* LinkEditor.swift */,
			);
			path = Views;
			sourceTree = "<group>";
		};
		A5A0DA6528A95902007061DF /* Network */ = {
			isa = PBXGroup;
			children = (
				A51ADCFE23253AD60080C3D0 /* Network.swift */,
			);
			path = Network;
			sourceTree = "<group>";
		};
		A5A0DA6628A95913007061DF /* Timer */ = {
			isa = PBXGroup;
			children = (
				A5C1DE8521CD3F1F00F783C0 /* System.swift */,
				A5C1DE8321CD3EF600F783C0 /* CwlSysctl.swift */,
				A5A0DA6728A95962007061DF /* TimerView.swift */,
			);
			path = Timer;
			sourceTree = "<group>";
		};
		A5C1DE6721CD3E7400F783C0 = {
			isa = PBXGroup;
			children = (
				A5C1DE7221CD3E7400F783C0 /* Sources */,
				A5C1DE8721CD69B000F783C0 /* Resources */,
				A5C1DE7121CD3E7400F783C0 /* Products */,
			);
			sourceTree = "<group>";
		};
		A5C1DE7121CD3E7400F783C0 /* Products */ = {
			isa = PBXGroup;
			children = (
				A5C1DE7021CD3E7400F783C0 /* Boke.app */,
			);
			name = Products;
			sourceTree = "<group>";
		};
		A5C1DE7221CD3E7400F783C0 /* Sources */ = {
			isa = PBXGroup;
			children = (
				A5C1DE7321CD3E7400F783C0 /* BokeApp.swift */,
				A565BB0329B6416A003DD12C /* MainMenu.swift */,
				A5CDD65921CD80540010AEA9 /* Extends.swift */,
				A5690C5024B2363800DDA10E /* SettingsView.swift */,
				A5A0DA6628A95913007061DF /* Timer */,
				A5A0DA6528A95902007061DF /* Network */,
				A565BB2029B6477C003DD12C /* MIDI */,
			);
			path = Sources;
			sourceTree = "<group>";
		};
		A5C1DE8721CD69B000F783C0 /* Resources */ = {
			isa = PBXGroup;
			children = (
				A5C1DE7721CD3E7500F783C0 /* Assets.xcassets */,
				A5C1DE7C21CD3E7500F783C0 /* Info.plist */,
			);
			path = Resources;
			sourceTree = "<group>";
		};
/* End PBXGroup section */

/* Begin PBXNativeTarget section */
		A5C1DE6F21CD3E7400F783C0 /* Boke */ = {
			isa = PBXNativeTarget;
			buildConfigurationList = A5C1DE8021CD3E7500F783C0 /* Build configuration list for PBXNativeTarget "Boke" */;
			buildPhases = (
				A5C1DE6C21CD3E7400F783C0 /* Sources */,
				A5C1DE6D21CD3E7400F783C0 /* Frameworks */,
				A5C1DE6E21CD3E7400F783C0 /* Resources */,
				A59F49BB22802D0900A1F318 /* Embed Frameworks */,
			);
			buildRules = (
			);
			dependencies = (
			);
			name = Boke;
			packageProductDependencies = (
				A565BB3829B648AC003DD12C /* AudioKit */,
			);
			productName = "Up Time";
			productReference = A5C1DE7021CD3E7400F783C0 /* Boke.app */;
			productType = "com.apple.product-type.application";
		};
/* End PBXNativeTarget section */

/* Begin PBXProject section */
		A5C1DE6821CD3E7400F783C0 /* Project object */ = {
			isa = PBXProject;
			attributes = {
				BuildIndependentTargetsInParallel = YES;
				LastSwiftUpdateCheck = 1010;
				LastUpgradeCheck = 1500;
				ORGANIZATIONNAME = pixlwave;
				TargetAttributes = {
					A5C1DE6F21CD3E7400F783C0 = {
						CreatedOnToolsVersion = 10.1;
						LastSwiftMigration = 1020;
						SystemCapabilities = {
							com.apple.Sandbox = {
								enabled = 1;
							};
						};
					};
				};
			};
			buildConfigurationList = A5C1DE6B21CD3E7400F783C0 /* Build configuration list for PBXProject "Boke" */;
			compatibilityVersion = "Xcode 9.3";
			developmentRegion = en;
			hasScannedForEncodings = 0;
			knownRegions = (
				en,
				Base,
			);
			mainGroup = A5C1DE6721CD3E7400F783C0;
			packageReferences = (
				A565BB3729B648AC003DD12C /* XCRemoteSwiftPackageReference "AudioKit" */,
			);
			productRefGroup = A5C1DE7121CD3E7400F783C0 /* Products */;
			projectDirPath = "";
			projectRoot = "";
			targets = (
				A5C1DE6F21CD3E7400F783C0 /* Boke */,
			);
		};
/* End PBXProject section */

/* Begin PBXResourcesBuildPhase section */
		A5C1DE6E21CD3E7400F783C0 /* Resources */ = {
			isa = PBXResourcesBuildPhase;
			buildActionMask = 2147483647;
			files = (
				A5C1DE7821CD3E7500F783C0 /* Assets.xcassets in Resources */,
			);
			runOnlyForDeploymentPostprocessing = 0;
		};
/* End PBXResourcesBuildPhase section */

/* Begin PBXSourcesBuildPhase section */
		A5C1DE6C21CD3E7400F783C0 /* Sources */ = {
			isa = PBXSourcesBuildPhase;
			buildActionMask = 2147483647;
			files = (
				A565BB3429B647E0003DD12C /* LinkEditor.swift in Sources */,
				A565BB3529B647E0003DD12C /* NotesGrid.swift in Sources */,
				A565BB3629B647E0003DD12C /* MIDIView.swift in Sources */,
				A5A0DA6828A95962007061DF /* TimerView.swift in Sources */,
				A565BB3329B647E0003DD12C /* NoteCell.swift in Sources */,
				A5C1DE8621CD3F1F00F783C0 /* System.swift in Sources */,
				A565BB3029B647E0003DD12C /* ControllableApp.swift in Sources */,
				A565BB0429B6416A003DD12C /* MainMenu.swift in Sources */,
				A565BB3129B647E0003DD12C /* InputMapper.swift in Sources */,
				A5CDD65A21CD80540010AEA9 /* Extends.swift in Sources */,
				A5C1DE7421CD3E7400F783C0 /* BokeApp.swift in Sources */,
				A51ADCFF23253AD60080C3D0 /* Network.swift in Sources */,
				A5C1DE8421CD3EF600F783C0 /* CwlSysctl.swift in Sources */,
				A5690C5124B2363800DDA10E /* SettingsView.swift in Sources */,
				A565BB2F29B647E0003DD12C /* MIDIManager.swift in Sources */,
				A565BB3229B647E0003DD12C /* Command.swift in Sources */,
			);
			runOnlyForDeploymentPostprocessing = 0;
		};
/* End PBXSourcesBuildPhase section */

/* Begin XCBuildConfiguration section */
		A5C1DE7E21CD3E7500F783C0 /* Debug */ = {
			isa = XCBuildConfiguration;
			buildSettings = {
				ALWAYS_SEARCH_USER_PATHS = NO;
				ASSETCATALOG_COMPILER_GENERATE_SWIFT_ASSET_SYMBOL_EXTENSIONS = YES;
				CLANG_ANALYZER_NONNULL = YES;
				CLANG_ANALYZER_NUMBER_OBJECT_CONVERSION = YES_AGGRESSIVE;
				CLANG_CXX_LANGUAGE_STANDARD = "gnu++14";
				CLANG_CXX_LIBRARY = "libc++";
				CLANG_ENABLE_MODULES = YES;
				CLANG_ENABLE_OBJC_ARC = YES;
				CLANG_ENABLE_OBJC_WEAK = YES;
				CLANG_WARN_BLOCK_CAPTURE_AUTORELEASING = YES;
				CLANG_WARN_BOOL_CONVERSION = YES;
				CLANG_WARN_COMMA = YES;
				CLANG_WARN_CONSTANT_CONVERSION = YES;
				CLANG_WARN_DEPRECATED_OBJC_IMPLEMENTATIONS = YES;
				CLANG_WARN_DIRECT_OBJC_ISA_USAGE = YES_ERROR;
				CLANG_WARN_DOCUMENTATION_COMMENTS = YES;
				CLANG_WARN_EMPTY_BODY = YES;
				CLANG_WARN_ENUM_CONVERSION = YES;
				CLANG_WARN_INFINITE_RECURSION = YES;
				CLANG_WARN_INT_CONVERSION = YES;
				CLANG_WARN_NON_LITERAL_NULL_CONVERSION = YES;
				CLANG_WARN_OBJC_IMPLICIT_RETAIN_SELF = YES;
				CLANG_WARN_OBJC_LITERAL_CONVERSION = YES;
				CLANG_WARN_OBJC_ROOT_CLASS = YES_ERROR;
				CLANG_WARN_QUOTED_INCLUDE_IN_FRAMEWORK_HEADER = YES;
				CLANG_WARN_RANGE_LOOP_ANALYSIS = YES;
				CLANG_WARN_STRICT_PROTOTYPES = YES;
				CLANG_WARN_SUSPICIOUS_MOVE = YES;
				CLANG_WARN_UNGUARDED_AVAILABILITY = YES_AGGRESSIVE;
				CLANG_WARN_UNREACHABLE_CODE = YES;
				CLANG_WARN__DUPLICATE_METHOD_MATCH = YES;
				CODE_SIGN_IDENTITY = "Mac Developer";
				COPY_PHASE_STRIP = NO;
				DEAD_CODE_STRIPPING = YES;
				DEBUG_INFORMATION_FORMAT = dwarf;
				ENABLE_STRICT_OBJC_MSGSEND = YES;
				ENABLE_TESTABILITY = YES;
				ENABLE_USER_SCRIPT_SANDBOXING = YES;
				GCC_C_LANGUAGE_STANDARD = gnu11;
				GCC_DYNAMIC_NO_PIC = NO;
				GCC_NO_COMMON_BLOCKS = YES;
				GCC_OPTIMIZATION_LEVEL = 0;
				GCC_PREPROCESSOR_DEFINITIONS = (
					"DEBUG=1",
					"$(inherited)",
				);
				GCC_WARN_64_TO_32_BIT_CONVERSION = YES;
				GCC_WARN_ABOUT_RETURN_TYPE = YES_ERROR;
				GCC_WARN_UNDECLARED_SELECTOR = YES;
				GCC_WARN_UNINITIALIZED_AUTOS = YES_AGGRESSIVE;
				GCC_WARN_UNUSED_FUNCTION = YES;
				GCC_WARN_UNUSED_VARIABLE = YES;
				MACOSX_DEPLOYMENT_TARGET = 13.1;
				MTL_ENABLE_DEBUG_INFO = INCLUDE_SOURCE;
				MTL_FAST_MATH = YES;
				ONLY_ACTIVE_ARCH = YES;
				SDKROOT = macosx;
				SWIFT_ACTIVE_COMPILATION_CONDITIONS = DEBUG;
				SWIFT_OPTIMIZATION_LEVEL = "-Onone";
			};
			name = Debug;
		};
		A5C1DE7F21CD3E7500F783C0 /* Release */ = {
			isa = XCBuildConfiguration;
			buildSettings = {
				ALWAYS_SEARCH_USER_PATHS = NO;
				ASSETCATALOG_COMPILER_GENERATE_SWIFT_ASSET_SYMBOL_EXTENSIONS = YES;
				CLANG_ANALYZER_NONNULL = YES;
				CLANG_ANALYZER_NUMBER_OBJECT_CONVERSION = YES_AGGRESSIVE;
				CLANG_CXX_LANGUAGE_STANDARD = "gnu++14";
				CLANG_CXX_LIBRARY = "libc++";
				CLANG_ENABLE_MODULES = YES;
				CLANG_ENABLE_OBJC_ARC = YES;
				CLANG_ENABLE_OBJC_WEAK = YES;
				CLANG_WARN_BLOCK_CAPTURE_AUTORELEASING = YES;
				CLANG_WARN_BOOL_CONVERSION = YES;
				CLANG_WARN_COMMA = YES;
				CLANG_WARN_CONSTANT_CONVERSION = YES;
				CLANG_WARN_DEPRECATED_OBJC_IMPLEMENTATIONS = YES;
				CLANG_WARN_DIRECT_OBJC_ISA_USAGE = YES_ERROR;
				CLANG_WARN_DOCUMENTATION_COMMENTS = YES;
				CLANG_WARN_EMPTY_BODY = YES;
				CLANG_WARN_ENUM_CONVERSION = YES;
				CLANG_WARN_INFINITE_RECURSION = YES;
				CLANG_WARN_INT_CONVERSION = YES;
				CLANG_WARN_NON_LITERAL_NULL_CONVERSION = YES;
				CLANG_WARN_OBJC_IMPLICIT_RETAIN_SELF = YES;
				CLANG_WARN_OBJC_LITERAL_CONVERSION = YES;
				CLANG_WARN_OBJC_ROOT_CLASS = YES_ERROR;
				CLANG_WARN_QUOTED_INCLUDE_IN_FRAMEWORK_HEADER = YES;
				CLANG_WARN_RANGE_LOOP_ANALYSIS = YES;
				CLANG_WARN_STRICT_PROTOTYPES = YES;
				CLANG_WARN_SUSPICIOUS_MOVE = YES;
				CLANG_WARN_UNGUARDED_AVAILABILITY = YES_AGGRESSIVE;
				CLANG_WARN_UNREACHABLE_CODE = YES;
				CLANG_WARN__DUPLICATE_METHOD_MATCH = YES;
				CODE_SIGN_IDENTITY = "Mac Developer";
				COPY_PHASE_STRIP = NO;
				DEAD_CODE_STRIPPING = YES;
				DEBUG_INFORMATION_FORMAT = "dwarf-with-dsym";
				ENABLE_NS_ASSERTIONS = NO;
				ENABLE_STRICT_OBJC_MSGSEND = YES;
				ENABLE_USER_SCRIPT_SANDBOXING = YES;
				GCC_C_LANGUAGE_STANDARD = gnu11;
				GCC_NO_COMMON_BLOCKS = YES;
				GCC_WARN_64_TO_32_BIT_CONVERSION = YES;
				GCC_WARN_ABOUT_RETURN_TYPE = YES_ERROR;
				GCC_WARN_UNDECLARED_SELECTOR = YES;
				GCC_WARN_UNINITIALIZED_AUTOS = YES_AGGRESSIVE;
				GCC_WARN_UNUSED_FUNCTION = YES;
				GCC_WARN_UNUSED_VARIABLE = YES;
				MACOSX_DEPLOYMENT_TARGET = 13.1;
				MTL_ENABLE_DEBUG_INFO = NO;
				MTL_FAST_MATH = YES;
				SDKROOT = macosx;
				SWIFT_COMPILATION_MODE = wholemodule;
				SWIFT_OPTIMIZATION_LEVEL = "-O";
			};
			name = Release;
		};
		A5C1DE8121CD3E7500F783C0 /* Debug */ = {
			isa = XCBuildConfiguration;
			buildSettings = {
				ALWAYS_EMBED_SWIFT_STANDARD_LIBRARIES = YES;
				ASSETCATALOG_COMPILER_APPICON_NAME = AppIcon;
				CODE_SIGN_IDENTITY = "Apple Development";
				CODE_SIGN_STYLE = Automatic;
				COMBINE_HIDPI_IMAGES = YES;
				CURRENT_PROJECT_VERSION = 17;
				DEAD_CODE_STRIPPING = YES;
				DEVELOPMENT_TEAM = NU8A5Y875P;
				ENABLE_HARDENED_RUNTIME = YES;
				INFOPLIST_FILE = Resources/Info.plist;
				LD_RUNPATH_SEARCH_PATHS = (
					"$(inherited)",
					"@executable_path/../Frameworks",
				);
				MACOSX_DEPLOYMENT_TARGET = 14.0;
				MARKETING_VERSION = 1.5.1;
				PRODUCT_BUNDLE_IDENTIFIER = uk.pixlwave.Boke;
				PRODUCT_NAME = "$(TARGET_NAME)";
				PROVISIONING_PROFILE_SPECIFIER = "";
				SWIFT_VERSION = 5.0;
			};
			name = Debug;
		};
		A5C1DE8221CD3E7500F783C0 /* Release */ = {
			isa = XCBuildConfiguration;
			buildSettings = {
				ALWAYS_EMBED_SWIFT_STANDARD_LIBRARIES = YES;
				ASSETCATALOG_COMPILER_APPICON_NAME = AppIcon;
				CODE_SIGN_IDENTITY = "Apple Development";
				CODE_SIGN_STYLE = Automatic;
				COMBINE_HIDPI_IMAGES = YES;
				CURRENT_PROJECT_VERSION = 17;
				DEAD_CODE_STRIPPING = YES;
				DEVELOPMENT_TEAM = NU8A5Y875P;
				ENABLE_HARDENED_RUNTIME = YES;
				INFOPLIST_FILE = Resources/Info.plist;
				LD_RUNPATH_SEARCH_PATHS = (
					"$(inherited)",
					"@executable_path/../Frameworks",
				);
				MACOSX_DEPLOYMENT_TARGET = 14.0;
				MARKETING_VERSION = 1.5.1;
				PRODUCT_BUNDLE_IDENTIFIER = uk.pixlwave.Boke;
				PRODUCT_NAME = "$(TARGET_NAME)";
				PROVISIONING_PROFILE_SPECIFIER = "";
				SWIFT_VERSION = 5.0;
			};
			name = Release;
		};
/* End XCBuildConfiguration section */

/* Begin XCConfigurationList section */
		A5C1DE6B21CD3E7400F783C0 /* Build configuration list for PBXProject "Boke" */ = {
			isa = XCConfigurationList;
			buildConfigurations = (
				A5C1DE7E21CD3E7500F783C0 /* Debug */,
				A5C1DE7F21CD3E7500F783C0 /* Release */,
			);
			defaultConfigurationIsVisible = 0;
			defaultConfigurationName = Release;
		};
		A5C1DE8021CD3E7500F783C0 /* Build configuration list for PBXNativeTarget "Boke" */ = {
			isa = XCConfigurationList;
			buildConfigurations = (
				A5C1DE8121CD3E7500F783C0 /* Debug */,
				A5C1DE8221CD3E7500F783C0 /* Release */,
			);
			defaultConfigurationIsVisible = 0;
			defaultConfigurationName = Release;
		};
/* End XCConfigurationList section */

/* Begin XCRemoteSwiftPackageReference section */
		A565BB3729B648AC003DD12C /* XCRemoteSwiftPackageReference "AudioKit" */ = {
			isa = XCRemoteSwiftPackageReference;
			repositoryURL = "https://github.com/AudioKit/AudioKit";
			requirement = {
				kind = upToNextMajorVersion;
				minimumVersion = 5.6.0;
			};
		};
/* End XCRemoteSwiftPackageReference section */

/* Begin XCSwiftPackageProductDependency section */
		A565BB3829B648AC003DD12C /* AudioKit */ = {
			isa = XCSwiftPackageProductDependency;
			package = A565BB3729B648AC003DD12C /* XCRemoteSwiftPackageReference "AudioKit" */;
			productName = AudioKit;
		};
/* End XCSwiftPackageProductDependency section */
	};
	rootObject = A5C1DE6821CD3E7400F783C0 /* Project object */;
}
